// !$*UTF8*$!
{
	archiveVersion = 1;
	classes = {
	};
	objectVersion = 56;
	objects = {

/* Begin PBXBuildFile section */
		480512A02A18A84F00279F57 /* Curved_Custom_TabBarApp.swift in Sources */ = {isa = PBXBuildFile; fileRef = 4805129F2A18A84F00279F57 /* Curved_Custom_TabBarApp.swift */; };
		480512A22A18A84F00279F57 /* ContentView.swift in Sources */ = {isa = PBXBuildFile; fileRef = 480512A12A18A84F00279F57 /* ContentView.swift */; };
		480512A42A18A85000279F57 /* Assets.xcassets in Resources */ = {isa = PBXBuildFile; fileRef = 480512A32A18A85000279F57 /* Assets.xcassets */; };
		480512A72A18A85000279F57 /* Preview Assets.xcassets in Resources */ = {isa = PBXBuildFile; fileRef = 480512A62A18A85000279F57 /* Preview Assets.xcassets */; };
		480512B12A18A85000279F57 /* Curved_Custom_TabBarTests.swift in Sources */ = {isa = PBXBuildFile; fileRef = 480512B02A18A85000279F57 /* Curved_Custom_TabBarTests.swift */; };
		480512BB2A18A85000279F57 /* Curved_Custom_TabBarUITests.swift in Sources */ = {isa = PBXBuildFile; fileRef = 480512BA2A18A85000279F57 /* Curved_Custom_TabBarUITests.swift */; };
		480512BD2A18A85000279F57 /* Curved_Custom_TabBarUITestsLaunchTests.swift in Sources */ = {isa = PBXBuildFile; fileRef = 480512BC2A18A85000279F57 /* Curved_Custom_TabBarUITestsLaunchTests.swift */; };
/* End PBXBuildFile section */

/* Begin PBXContainerItemProxy section */
		480512AD2A18A85000279F57 /* PBXContainerItemProxy */ = {
			isa = PBXContainerItemProxy;
			containerPortal = 480512942A18A84F00279F57 /* Project object */;
			proxyType = 1;
			remoteGlobalIDString = 4805129B2A18A84F00279F57;
			remoteInfo = "Curved Custom TabBar";
		};
		480512B72A18A85000279F57 /* PBXContainerItemProxy */ = {
			isa = PBXContainerItemProxy;
			containerPortal = 480512942A18A84F00279F57 /* Project object */;
			proxyType = 1;
			remoteGlobalIDString = 4805129B2A18A84F00279F57;
			remoteInfo = "Curved Custom TabBar";
		};
/* End PBXContainerItemProxy section */

/* Begin PBXFileReference section */
		4805129C2A18A84F00279F57 /* Curved Custom TabBar.app */ = {isa = PBXFileReference; explicitFileType = wrapper.application; includeInIndex = 0; path = "Curved Custom TabBar.app"; sourceTree = BUILT_PRODUCTS_DIR; };
		4805129F2A18A84F00279F57 /* Curved_Custom_TabBarApp.swift */ = {isa = PBXFileReference; lastKnownFileType = sourcecode.swift; path = Curved_Custom_TabBarApp.swift; sourceTree = "<group>"; };
		480512A12A18A84F00279F57 /* ContentView.swift */ = {isa = PBXFileReference; lastKnownFileType = sourcecode.swift; path = ContentView.swift; sourceTree = "<group>"; };
		480512A32A18A85000279F57 /* Assets.xcassets */ = {isa = PBXFileReference; lastKnownFileType = folder.assetcatalog; path = Assets.xcassets; sourceTree = "<group>"; };
		480512A62A18A85000279F57 /* Preview Assets.xcassets */ = {isa = PBXFileReference; lastKnownFileType = folder.assetcatalog; path = "Preview Assets.xcassets"; sourceTree = "<group>"; };
		480512AC2A18A85000279F57 /* Curved Custom TabBarTests.xctest */ = {isa = PBXFileReference; explicitFileType = wrapper.cfbundle; includeInIndex = 0; path = "Curved Custom TabBarTests.xctest"; sourceTree = BUILT_PRODUCTS_DIR; };
		480512B02A18A85000279F57 /* Curved_Custom_TabBarTests.swift */ = {isa = PBXFileReference; lastKnownFileType = sourcecode.swift; path = Curved_Custom_TabBarTests.swift; sourceTree = "<group>"; };
		480512B62A18A85000279F57 /* Curved Custom TabBarUITests.xctest */ = {isa = PBXFileReference; explicitFileType = wrapper.cfbundle; includeInIndex = 0; path = "Curved Custom TabBarUITests.xctest"; sourceTree = BUILT_PRODUCTS_DIR; };
		480512BA2A18A85000279F57 /* Curved_Custom_TabBarUITests.swift */ = {isa = PBXFileReference; lastKnownFileType = sourcecode.swift; path = Curved_Custom_TabBarUITests.swift; sourceTree = "<group>"; };
		480512BC2A18A85000279F57 /* Curved_Custom_TabBarUITestsLaunchTests.swift */ = {isa = PBXFileReference; lastKnownFileType = sourcecode.swift; path = Curved_Custom_TabBarUITestsLaunchTests.swift; sourceTree = "<group>"; };
/* End PBXFileReference section */

/* Begin PBXFrameworksBuildPhase section */
		480512992A18A84F00279F57 /* Frameworks */ = {
			isa = PBXFrameworksBuildPhase;
			buildActionMask = 2147483647;
			files = (
			);
			runOnlyForDeploymentPostprocessing = 0;
		};
		480512A92A18A85000279F57 /* Frameworks */ = {
			isa = PBXFrameworksBuildPhase;
			buildActionMask = 2147483647;
			files = (
			);
			runOnlyForDeploymentPostprocessing = 0;
		};
		480512B32A18A85000279F57 /* Frameworks */ = {
			isa = PBXFrameworksBuildPhase;
			buildActionMask = 2147483647;
			files = (
			);
			runOnlyForDeploymentPostprocessing = 0;
		};
/* End PBXFrameworksBuildPhase section */

/* Begin PBXGroup section */
		480512932A18A84F00279F57 = {
			isa = PBXGroup;
			children = (
				4805129E2A18A84F00279F57 /* Curved Custom TabBar */,
				480512AF2A18A85000279F57 /* Curved Custom TabBarTests */,
				480512B92A18A85000279F57 /* Curved Custom TabBarUITests */,
				4805129D2A18A84F00279F57 /* Products */,
			);
			sourceTree = "<group>";
		};
		4805129D2A18A84F00279F57 /* Products */ = {
			isa = PBXGroup;
			children = (
				4805129C2A18A84F00279F57 /* Curved Custom TabBar.app */,
				480512AC2A18A85000279F57 /* Curved Custom TabBarTests.xctest */,
				480512B62A18A85000279F57 /* Curved Custom TabBarUITests.xctest */,
			);
			name = Products;
			sourceTree = "<group>";
		};
		4805129E2A18A84F00279F57 /* Curved Custom TabBar */ = {
			isa = PBXGroup;
			children = (
				4805129F2A18A84F00279F57 /* Curved_Custom_TabBarApp.swift */,
				480512A12A18A84F00279F57 /* ContentView.swift */,
				480512A32A18A85000279F57 /* Assets.xcassets */,
				480512A52A18A85000279F57 /* Preview Content */,
			);
			path = "Curved Custom TabBar";
			sourceTree = "<group>";
		};
		480512A52A18A85000279F57 /* Preview Content */ = {
			isa = PBXGroup;
			children = (
				480512A62A18A85000279F57 /* Preview Assets.xcassets */,
			);
			path = "Preview Content";
			sourceTree = "<group>";
		};
		480512AF2A18A85000279F57 /* Curved Custom TabBarTests */ = {
			isa = PBXGroup;
			children = (
				480512B02A18A85000279F57 /* Curved_Custom_TabBarTests.swift */,
			);
			path = "Curved Custom TabBarTests";
			sourceTree = "<group>";
		};
		480512B92A18A85000279F57 /* Curved Custom TabBarUITests */ = {
			isa = PBXGroup;
			children = (
				480512BA2A18A85000279F57 /* Curved_Custom_TabBarUITests.swift */,
				480512BC2A18A85000279F57 /* Curved_Custom_TabBarUITestsLaunchTests.swift */,
			);
			path = "Curved Custom TabBarUITests";
			sourceTree = "<group>";
		};
/* End PBXGroup section */

/* Begin PBXNativeTarget section */
		4805129B2A18A84F00279F57 /* Curved Custom TabBar */ = {
			isa = PBXNativeTarget;
			buildConfigurationList = 480512C02A18A85000279F57 /* Build configuration list for PBXNativeTarget "Curved Custom TabBar" */;
			buildPhases = (
				480512982A18A84F00279F57 /* Sources */,
				480512992A18A84F00279F57 /* Frameworks */,
				4805129A2A18A84F00279F57 /* Resources */,
			);
			buildRules = (
			);
			dependencies = (
			);
			name = "Curved Custom TabBar";
			productName = "Curved Custom TabBar";
			productReference = 4805129C2A18A84F00279F57 /* Curved Custom TabBar.app */;
			productType = "com.apple.product-type.application";
		};
		480512AB2A18A85000279F57 /* Curved Custom TabBarTests */ = {
			isa = PBXNativeTarget;
			buildConfigurationList = 480512C32A18A85000279F57 /* Build configuration list for PBXNativeTarget "Curved Custom TabBarTests" */;
			buildPhases = (
				480512A82A18A85000279F57 /* Sources */,
				480512A92A18A85000279F57 /* Frameworks */,
				480512AA2A18A85000279F57 /* Resources */,
			);
			buildRules = (
			);
			dependencies = (
				480512AE2A18A85000279F57 /* PBXTargetDependency */,
			);
			name = "Curved Custom TabBarTests";
			productName = "Curved Custom TabBarTests";
			productReference = 480512AC2A18A85000279F57 /* Curved Custom TabBarTests.xctest */;
			productType = "com.apple.product-type.bundle.unit-test";
		};
		480512B52A18A85000279F57 /* Curved Custom TabBarUITests */ = {
			isa = PBXNativeTarget;
			buildConfigurationList = 480512C62A18A85000279F57 /* Build configuration list for PBXNativeTarget "Curved Custom TabBarUITests" */;
			buildPhases = (
				480512B22A18A85000279F57 /* Sources */,
				480512B32A18A85000279F57 /* Frameworks */,
				480512B42A18A85000279F57 /* Resources */,
			);
			buildRules = (
			);
			dependencies = (
				480512B82A18A85000279F57 /* PBXTargetDependency */,
			);
			name = "Curved Custom TabBarUITests";
			productName = "Curved Custom TabBarUITests";
			productReference = 480512B62A18A85000279F57 /* Curved Custom TabBarUITests.xctest */;
			productType = "com.apple.product-type.bundle.ui-testing";
		};
/* End PBXNativeTarget section */

/* Begin PBXProject section */
		480512942A18A84F00279F57 /* Project object */ = {
			isa = PBXProject;
			attributes = {
				BuildIndependentTargetsInParallel = 1;
				LastSwiftUpdateCheck = 1430;
				LastUpgradeCheck = 1430;
				TargetAttributes = {
					4805129B2A18A84F00279F57 = {
						CreatedOnToolsVersion = 14.3;
					};
					480512AB2A18A85000279F57 = {
						CreatedOnToolsVersion = 14.3;
						TestTargetID = 4805129B2A18A84F00279F57;
					};
					480512B52A18A85000279F57 = {
						CreatedOnToolsVersion = 14.3;
						TestTargetID = 4805129B2A18A84F00279F57;
					};
				};
			};
			buildConfigurationList = 480512972A18A84F00279F57 /* Build configuration list for PBXProject "Curved Custom TabBar" */;
			compatibilityVersion = "Xcode 14.0";
			developmentRegion = en;
			hasScannedForEncodings = 0;
			knownRegions = (
				en,
				Base,
			);
			mainGroup = 480512932A18A84F00279F57;
			productRefGroup = 4805129D2A18A84F00279F57 /* Products */;
			projectDirPath = "";
			projectRoot = "";
			targets = (
				4805129B2A18A84F00279F57 /* Curved Custom TabBar */,
				480512AB2A18A85000279F57 /* Curved Custom TabBarTests */,
				480512B52A18A85000279F57 /* Curved Custom TabBarUITests */,
			);
		};
/* End PBXProject section */

/* Begin PBXResourcesBuildPhase section */
		4805129A2A18A84F00279F57 /* Resources */ = {
			isa = PBXResourcesBuildPhase;
			buildActionMask = 2147483647;
			files = (
				480512A72A18A85000279F57 /* Preview Assets.xcassets in Resources */,
				480512A42A18A85000279F57 /* Assets.xcassets in Resources */,
			);
			runOnlyForDeploymentPostprocessing = 0;
		};
		480512AA2A18A85000279F57 /* Resources */ = {
			isa = PBXResourcesBuildPhase;
			buildActionMask = 2147483647;
			files = (
			);
			runOnlyForDeploymentPostprocessing = 0;
		};
		480512B42A18A85000279F57 /* Resources */ = {
			isa = PBXResourcesBuildPhase;
			buildActionMask = 2147483647;
			files = (
			);
			runOnlyForDeploymentPostprocessing = 0;
		};
/* End PBXResourcesBuildPhase section */

/* Begin PBXSourcesBuildPhase section */
		480512982A18A84F00279F57 /* Sources */ = {
			isa = PBXSourcesBuildPhase;
			buildActionMask = 2147483647;
			files = (
				480512A22A18A84F00279F57 /* ContentView.swift in Sources */,
				480512A02A18A84F00279F57 /* Curved_Custom_TabBarApp.swift in Sources */,
			);
			runOnlyForDeploymentPostprocessing = 0;
		};
		480512A82A18A85000279F57 /* Sources */ = {
			isa = PBXSourcesBuildPhase;
			buildActionMask = 2147483647;
			files = (
				480512B12A18A85000279F57 /* Curved_Custom_TabBarTests.swift in Sources */,
			);
			runOnlyForDeploymentPostprocessing = 0;
		};
		480512B22A18A85000279F57 /* Sources */ = {
			isa = PBXSourcesBuildPhase;
			buildActionMask = 2147483647;
			files = (
				480512BD2A18A85000279F57 /* Curved_Custom_TabBarUITestsLaunchTests.swift in Sources */,
				480512BB2A18A85000279F57 /* Curved_Custom_TabBarUITests.swift in Sources */,
			);
			runOnlyForDeploymentPostprocessing = 0;
		};
/* End PBXSourcesBuildPhase section */

/* Begin PBXTargetDependency section */
		480512AE2A18A85000279F57 /* PBXTargetDependency */ = {
			isa = PBXTargetDependency;
			target = 4805129B2A18A84F00279F57 /* Curved Custom TabBar */;
			targetProxy = 480512AD2A18A85000279F57 /* PBXContainerItemProxy */;
		};
		480512B82A18A85000279F57 /* PBXTargetDependency */ = {
			isa = PBXTargetDependency;
			target = 4805129B2A18A84F00279F57 /* Curved Custom TabBar */;
			targetProxy = 480512B72A18A85000279F57 /* PBXContainerItemProxy */;
		};
/* End PBXTargetDependency section */

/* Begin XCBuildConfiguration section */
		480512BE2A18A85000279F57 /* Debug */ = {
			isa = XCBuildConfiguration;
			buildSettings = {
				ALWAYS_SEARCH_USER_PATHS = NO;
				CLANG_ANALYZER_NONNULL = YES;
				CLANG_ANALYZER_NUMBER_OBJECT_CONVERSION = YES_AGGRESSIVE;
				CLANG_CXX_LANGUAGE_STANDARD = "gnu++20";
				CLANG_ENABLE_MODULES = YES;
				CLANG_ENABLE_OBJC_ARC = YES;
				CLANG_ENABLE_OBJC_WEAK = YES;
				CLANG_WARN_BLOCK_CAPTURE_AUTORELEASING = YES;
				CLANG_WARN_BOOL_CONVERSION = YES;
				CLANG_WARN_COMMA = YES;
				CLANG_WARN_CONSTANT_CONVERSION = YES;
				CLANG_WARN_DEPRECATED_OBJC_IMPLEMENTATIONS = YES;
				CLANG_WARN_DIRECT_OBJC_ISA_USAGE = YES_ERROR;
				CLANG_WARN_DOCUMENTATION_COMMENTS = YES;
				CLANG_WARN_EMPTY_BODY = YES;
				CLANG_WARN_ENUM_CONVERSION = YES;
				CLANG_WARN_INFINITE_RECURSION = YES;
				CLANG_WARN_INT_CONVERSION = YES;
				CLANG_WARN_NON_LITERAL_NULL_CONVERSION = YES;
				CLANG_WARN_OBJC_IMPLICIT_RETAIN_SELF = YES;
				CLANG_WARN_OBJC_LITERAL_CONVERSION = YES;
				CLANG_WARN_OBJC_ROOT_CLASS = YES_ERROR;
				CLANG_WARN_QUOTED_INCLUDE_IN_FRAMEWORK_HEADER = YES;
				CLANG_WARN_RANGE_LOOP_ANALYSIS = YES;
				CLANG_WARN_STRICT_PROTOTYPES = YES;
				CLANG_WARN_SUSPICIOUS_MOVE = YES;
				CLANG_WARN_UNGUARDED_AVAILABILITY = YES_AGGRESSIVE;
				CLANG_WARN_UNREACHABLE_CODE = YES;
				CLANG_WARN__DUPLICATE_METHOD_MATCH = YES;
				COPY_PHASE_STRIP = NO;
				DEBUG_INFORMATION_FORMAT = dwarf;
				ENABLE_STRICT_OBJC_MSGSEND = YES;
				ENABLE_TESTABILITY = YES;
				GCC_C_LANGUAGE_STANDARD = gnu11;
				GCC_DYNAMIC_NO_PIC = NO;
				GCC_NO_COMMON_BLOCKS = YES;
				GCC_OPTIMIZATION_LEVEL = 0;
				GCC_PREPROCESSOR_DEFINITIONS = (
					"DEBUG=1",
					"$(inherited)",
				);
				GCC_WARN_64_TO_32_BIT_CONVERSION = YES;
				GCC_WARN_ABOUT_RETURN_TYPE = YES_ERROR;
				GCC_WARN_UNDECLARED_SELECTOR = YES;
				GCC_WARN_UNINITIALIZED_AUTOS = YES_AGGRESSIVE;
				GCC_WARN_UNUSED_FUNCTION = YES;
				GCC_WARN_UNUSED_VARIABLE = YES;
				IPHONEOS_DEPLOYMENT_TARGET = 16.4;
				MTL_ENABLE_DEBUG_INFO = INCLUDE_SOURCE;
				MTL_FAST_MATH = YES;
				ONLY_ACTIVE_ARCH = YES;
				SDKROOT = iphoneos;
				SWIFT_ACTIVE_COMPILATION_CONDITIONS = DEBUG;
				SWIFT_OPTIMIZATION_LEVEL = "-Onone";
			};
			name = Debug;
		};
		480512BF2A18A85000279F57 /* Release */ = {
			isa = XCBuildConfiguration;
			buildSettings = {
				ALWAYS_SEARCH_USER_PATHS = NO;
				CLANG_ANALYZER_NONNULL = YES;
				CLANG_ANALYZER_NUMBER_OBJECT_CONVERSION = YES_AGGRESSIVE;
				CLANG_CXX_LANGUAGE_STANDARD = "gnu++20";
				CLANG_ENABLE_MODULES = YES;
				CLANG_ENABLE_OBJC_ARC = YES;
				CLANG_ENABLE_OBJC_WEAK = YES;
				CLANG_WARN_BLOCK_CAPTURE_AUTORELEASING = YES;
				CLANG_WARN_BOOL_CONVERSION = YES;
				CLANG_WARN_COMMA = YES;
				CLANG_WARN_CONSTANT_CONVERSION = YES;
				CLANG_WARN_DEPRECATED_OBJC_IMPLEMENTATIONS = YES;
				CLANG_WARN_DIRECT_OBJC_ISA_USAGE = YES_ERROR;
				CLANG_WARN_DOCUMENTATION_COMMENTS = YES;
				CLANG_WARN_EMPTY_BODY = YES;
				CLANG_WARN_ENUM_CONVERSION = YES;
				CLANG_WARN_INFINITE_RECURSION = YES;
				CLANG_WARN_INT_CONVERSION = YES;
				CLANG_WARN_NON_LITERAL_NULL_CONVERSION = YES;
				CLANG_WARN_OBJC_IMPLICIT_RETAIN_SELF = YES;
				CLANG_WARN_OBJC_LITERAL_CONVERSION = YES;
				CLANG_WARN_OBJC_ROOT_CLASS = YES_ERROR;
				CLANG_WARN_QUOTED_INCLUDE_IN_FRAMEWORK_HEADER = YES;
				CLANG_WARN_RANGE_LOOP_ANALYSIS = YES;
				CLANG_WARN_STRICT_PROTOTYPES = YES;
				CLANG_WARN_SUSPICIOUS_MOVE = YES;
				CLANG_WARN_UNGUARDED_AVAILABILITY = YES_AGGRESSIVE;
				CLANG_WARN_UNREACHABLE_CODE = YES;
				CLANG_WARN__DUPLICATE_METHOD_MATCH = YES;
				COPY_PHASE_STRIP = NO;
				DEBUG_INFORMATION_FORMAT = "dwarf-with-dsym";
				ENABLE_NS_ASSERTIONS = NO;
				ENABLE_STRICT_OBJC_MSGSEND = YES;
				GCC_C_LANGUAGE_STANDARD = gnu11;
				GCC_NO_COMMON_BLOCKS = YES;
				GCC_WARN_64_TO_32_BIT_CONVERSION = YES;
				GCC_WARN_ABOUT_RETURN_TYPE = YES_ERROR;
				GCC_WARN_UNDECLARED_SELECTOR = YES;
				GCC_WARN_UNINITIALIZED_AUTOS = YES_AGGRESSIVE;
				GCC_WARN_UNUSED_FUNCTION = YES;
				GCC_WARN_UNUSED_VARIABLE = YES;
				IPHONEOS_DEPLOYMENT_TARGET = 16.4;
				MTL_ENABLE_DEBUG_INFO = NO;
				MTL_FAST_MATH = YES;
				SDKROOT = iphoneos;
				SWIFT_COMPILATION_MODE = wholemodule;
				SWIFT_OPTIMIZATION_LEVEL = "-O";
				VALIDATE_PRODUCT = YES;
			};
			name = Release;
		};
		480512C12A18A85000279F57 /* Debug */ = {
			isa = XCBuildConfiguration;
			buildSettings = {
				ASSETCATALOG_COMPILER_APPICON_NAME = AppIcon;
				ASSETCATALOG_COMPILER_GLOBAL_ACCENT_COLOR_NAME = AccentColor;
				CODE_SIGN_STYLE = Automatic;
				CURRENT_PROJECT_VERSION = 1;
				DEVELOPMENT_ASSET_PATHS = "\"Curved Custom TabBar/Preview Content\"";
				DEVELOPMENT_TEAM = 6HLHYZ382H;
				ENABLE_PREVIEWS = YES;
				GENERATE_INFOPLIST_FILE = YES;
				INFOPLIST_KEY_UIApplicationSceneManifest_Generation = YES;
				INFOPLIST_KEY_UIApplicationSupportsIndirectInputEvents = YES;
				INFOPLIST_KEY_UILaunchScreen_Generation = YES;
				INFOPLIST_KEY_UISupportedInterfaceOrientations_iPad = "UIInterfaceOrientationPortrait UIInterfaceOrientationPortraitUpsideDown UIInterfaceOrientationLandscapeLeft UIInterfaceOrientationLandscapeRight";
				INFOPLIST_KEY_UISupportedInterfaceOrientations_iPhone = "UIInterfaceOrientationPortrait UIInterfaceOrientationLandscapeLeft UIInterfaceOrientationLandscapeRight";
				LD_RUNPATH_SEARCH_PATHS = (
					"$(inherited)",
					"@executable_path/Frameworks",
				);
				MARKETING_VERSION = 1.0;
				PRODUCT_BUNDLE_IDENTIFIER = "codevelop.Curved-Custom-TabBar";
				PRODUCT_NAME = "$(TARGET_NAME)";
				SWIFT_EMIT_LOC_STRINGS = YES;
				SWIFT_VERSION = 5.0;
				TARGETED_DEVICE_FAMILY = "1,2";
			};
			name = Debug;
		};
		480512C22A18A85000279F57 /* Release */ = {
			isa = XCBuildConfiguration;
			buildSettings = {
				ASSETCATALOG_COMPILER_APPICON_NAME = AppIcon;
				ASSETCATALOG_COMPILER_GLOBAL_ACCENT_COLOR_NAME = AccentColor;
				CODE_SIGN_STYLE = Automatic;
				CURRENT_PROJECT_VERSION = 1;
				DEVELOPMENT_ASSET_PATHS = "\"Curved Custom TabBar/Preview Content\"";
				DEVELOPMENT_TEAM = 6HLHYZ382H;
				ENABLE_PREVIEWS = YES;
				GENERATE_INFOPLIST_FILE = YES;
				INFOPLIST_KEY_UIApplicationSceneManifest_Generation = YES;
				INFOPLIST_KEY_UIApplicationSupportsIndirectInputEvents = YES;
				INFOPLIST_KEY_UILaunchScreen_Generation = YES;
				INFOPLIST_KEY_UISupportedInterfaceOrientations_iPad = "UIInterfaceOrientationPortrait UIInterfaceOrientationPortraitUpsideDown UIInterfaceOrientationLandscapeLeft UIInterfaceOrientationLandscapeRight";
				INFOPLIST_KEY_UISupportedInterfaceOrientations_iPhone = "UIInterfaceOrientationPortrait UIInterfaceOrientationLandscapeLeft UIInterfaceOrientationLandscapeRight";
				LD_RUNPATH_SEARCH_PATHS = (
					"$(inherited)",
					"@executable_path/Frameworks",
				);
				MARKETING_VERSION = 1.0;
				PRODUCT_BUNDLE_IDENTIFIER = "codevelop.Curved-Custom-TabBar";
				PRODUCT_NAME = "$(TARGET_NAME)";
				SWIFT_EMIT_LOC_STRINGS = YES;
				SWIFT_VERSION = 5.0;
				TARGETED_DEVICE_FAMILY = "1,2";
			};
			name = Release;
		};
		480512C42A18A85000279F57 /* Debug */ = {
			isa = XCBuildConfiguration;
			buildSettings = {
				ALWAYS_EMBED_SWIFT_STANDARD_LIBRARIES = YES;
				BUNDLE_LOADER = "$(TEST_HOST)";
				CODE_SIGN_STYLE = Automatic;
				CURRENT_PROJECT_VERSION = 1;
				DEVELOPMENT_TEAM = 6HLHYZ382H;
				GENERATE_INFOPLIST_FILE = YES;
				IPHONEOS_DEPLOYMENT_TARGET = 16.4;
				MARKETING_VERSION = 1.0;
				PRODUCT_BUNDLE_IDENTIFIER = "codevelop.Curved-Custom-TabBarTests";
				PRODUCT_NAME = "$(TARGET_NAME)";
				SWIFT_EMIT_LOC_STRINGS = NO;
				SWIFT_VERSION = 5.0;
				TARGETED_DEVICE_FAMILY = "1,2";
				TEST_HOST = "$(BUILT_PRODUCTS_DIR)/Curved Custom TabBar.app/$(BUNDLE_EXECUTABLE_FOLDER_PATH)/Curved Custom TabBar";
			};
			name = Debug;
		};
		480512C52A18A85000279F57 /* Release */ = {
			isa = XCBuildConfiguration;
			buildSettings = {
				ALWAYS_EMBED_SWIFT_STANDARD_LIBRARIES = YES;
				BUNDLE_LOADER = "$(TEST_HOST)";
				CODE_SIGN_STYLE = Automatic;
				CURRENT_PROJECT_VERSION = 1;
				DEVELOPMENT_TEAM = 6HLHYZ382H;
				GENERATE_INFOPLIST_FILE = YES;
				IPHONEOS_DEPLOYMENT_TARGET = 16.4;
				MARKETING_VERSION = 1.0;
				PRODUCT_BUNDLE_IDENTIFIER = "codevelop.Curved-Custom-TabBarTests";
				PRODUCT_NAME = "$(TARGET_NAME)";
				SWIFT_EMIT_LOC_STRINGS = NO;
				SWIFT_VERSION = 5.0;
				TARGETED_DEVICE_FAMILY = "1,2";
				TEST_HOST = "$(BUILT_PRODUCTS_DIR)/Curved Custom TabBar.app/$(BUNDLE_EXECUTABLE_FOLDER_PATH)/Curved Custom TabBar";
			};
			name = Release;
		};
		480512C72A18A85000279F57 /* Debug */ = {
			isa = XCBuildConfiguration;
			buildSettings = {
				ALWAYS_EMBED_SWIFT_STANDARD_LIBRARIES = YES;
				CODE_SIGN_STYLE = Automatic;
				CURRENT_PROJECT_VERSION = 1;
				DEVELOPMENT_TEAM = 6HLHYZ382H;
				GENERATE_INFOPLIST_FILE = YES;
				MARKETING_VERSION = 1.0;
				PRODUCT_BUNDLE_IDENTIFIER = "codevelop.Curved-Custom-TabBarUITests";
				PRODUCT_NAME = "$(TARGET_NAME)";
				SWIFT_EMIT_LOC_STRINGS = NO;
				SWIFT_VERSION = 5.0;
				TARGETED_DEVICE_FAMILY = "1,2";
				TEST_TARGET_NAME = "Curved Custom TabBar";
			};
			name = Debug;
		};
		480512C82A18A85000279F57 /* Release */ = {
			isa = XCBuildConfiguration;
			buildSettings = {
				ALWAYS_EMBED_SWIFT_STANDARD_LIBRARIES = YES;
				CODE_SIGN_STYLE = Automatic;
				CURRENT_PROJECT_VERSION = 1;
				DEVELOPMENT_TEAM = 6HLHYZ382H;
				GENERATE_INFOPLIST_FILE = YES;
				MARKETING_VERSION = 1.0;
				PRODUCT_BUNDLE_IDENTIFIER = "codevelop.Curved-Custom-TabBarUITests";
				PRODUCT_NAME = "$(TARGET_NAME)";
				SWIFT_EMIT_LOC_STRINGS = NO;
				SWIFT_VERSION = 5.0;
				TARGETED_DEVICE_FAMILY = "1,2";
				TEST_TARGET_NAME = "Curved Custom TabBar";
			};
			name = Release;
		};
/* End XCBuildConfiguration section */

/* Begin XCConfigurationList section */
		480512972A18A84F00279F57 /* Build configuration list for PBXProject "Curved Custom TabBar" */ = {
			isa = XCConfigurationList;
			buildConfigurations = (
				480512BE2A18A85000279F57 /* Debug */,
				480512BF2A18A85000279F57 /* Release */,
			);
			defaultConfigurationIsVisible = 0;
			defaultConfigurationName = Release;
		};
		480512C02A18A85000279F57 /* Build configuration list for PBXNativeTarget "Curved Custom TabBar" */ = {
			isa = XCConfigurationList;
			buildConfigurations = (
				480512C12A18A85000279F57 /* Debug */,
				480512C22A18A85000279F57 /* Release */,
			);
			defaultConfigurationIsVisible = 0;
			defaultConfigurationName = Release;
		};
		480512C32A18A85000279F57 /* Build configuration list for PBXNativeTarget "Curved Custom TabBarTests" */ = {
			isa = XCConfigurationList;
			buildConfigurations = (
				480512C42A18A85000279F57 /* Debug */,
				480512C52A18A85000279F57 /* Release */,
			);
			defaultConfigurationIsVisible = 0;
			defaultConfigurationName = Release;
		};
		480512C62A18A85000279F57 /* Build configuration list for PBXNativeTarget "Curved Custom TabBarUITests" */ = {
			isa = XCConfigurationList;
			buildConfigurations = (
				480512C72A18A85000279F57 /* Debug */,
				480512C82A18A85000279F57 /* Release */,
			);
			defaultConfigurationIsVisible = 0;
			defaultConfigurationName = Release;
		};
/* End XCConfigurationList section */
	};
	rootObject = 480512942A18A84F00279F57 /* Project object */;
}
